Microsoft Visual Studio Solution File, Format Version 12.00
# Visual Studio Version 17
VisualStudioVersion = 17.5.2.0
MinimumVisualStudioVersion = 10.0.40219.1
Project("{2150E333-8FDC-42A3-9474-1A3956D46DE8}") = "src", "src", "{827E0CD3-B72D-47B6-A68D-7590B98EB39B}"
EndProject
Project("{FAE04EC0-301F-11D3-BF4B-00C04F79EFBC}") = "Contracts", "src\Contracts\Contracts.csproj", "{56D584BE-C4EC-47F8-8F94-079EF62CEA47}"
EndProject
Project("{FAE04EC0-301F-11D3-BF4B-00C04F79EFBC}") = "SearchService", "src\SearchService\SearchService.csproj", "{D550B244-914D-4E0E-B33B-AD284D185956}"
EndProject
Project("{FAE04EC0-301F-11D3-BF4B-00C04F79EFBC}") = "OrderService", "src\OrderService\OrderService.csproj", "{F5CD17E1-E815-48B1-87EA-B2A470F79EEA}"
EndProject
Project("{FAE04EC0-301F-11D3-BF4B-00C04F79EFBC}") = "GatewayService", "src\GatewayService\GatewayService.csproj", "{4558395C-6895-4FCA-AF29-99894BBFBF0E}"
EndProject
Project("{FAE04EC0-301F-11D3-BF4B-00C04F79EFBC}") = "IdentityService", "src\IdentityService\IdentityService.csproj", "{FEC6C684-7C26-40A7-8BB9-F05112D3CE38}"
EndProject
Project("{FAE04EC0-301F-11D3-BF4B-00C04F79EFBC}") = "BuyingService", "src\BuyingService\BuyingService.csproj", "{4F6B6BA7-EDA8-4B2A-B626-B1E8568302DE}"
EndProject
Project("{FAE04EC0-301F-11D3-BF4B-00C04F79EFBC}") = "WalletService", "src\WalletService\WalletService.csproj", "{E10DF3E6-B1A2-42FE-984B-49E24CF717ED}"
EndProject
Project("{FAE04EC0-301F-11D3-BF4B-00C04F79EFBC}") = "AuctionService", "src\AuctionService\AuctionService.csproj", "{CE366F91-F022-4285-A9B7-C34D2349EA2F}"
EndProject
Project("{FAE04EC0-301F-11D3-BF4B-00C04F79EFBC}") = "BiddingService", "src\BiddingService\BiddingService.csproj", "{433DEA95-6A58-4685-8A9A-886AD5956FF0}"
EndProject
Project("{FAE04EC0-301F-11D3-BF4B-00C04F79EFBC}") = "NotificationService", "src\NotificationService\NotificationService.csproj", "{3657771C-07EE-4140-925B-0CF51D64CC51}"
EndProject
Project("{FAE04EC0-301F-11D3-BF4B-00C04F79EFBC}") = "UserService", "src\UserService\UserService.csproj", "{899FB4AA-AD2A-4D34-8BD6-4EDD27B193BE}"
EndProject
Global
	GlobalSection(SolutionConfigurationPlatforms) = preSolution
		Debug|Any CPU = Debug|Any CPU
		Release|Any CPU = Release|Any CPU
	EndGlobalSection
	GlobalSection(ProjectConfigurationPlatforms) = postSolution
		{56D584BE-C4EC-47F8-8F94-079EF62CEA47}.Debug|Any CPU.ActiveCfg = Debug|Any CPU
		{56D584BE-C4EC-47F8-8F94-079EF62CEA47}.Debug|Any CPU.Build.0 = Debug|Any CPU
		{56D584BE-C4EC-47F8-8F94-079EF62CEA47}.Release|Any CPU.ActiveCfg = Release|Any CPU
		{56D584BE-C4EC-47F8-8F94-079EF62CEA47}.Release|Any CPU.Build.0 = Release|Any CPU
		{D550B244-914D-4E0E-B33B-AD284D185956}.Debug|Any CPU.ActiveCfg = Debug|Any CPU
		{D550B244-914D-4E0E-B33B-AD284D185956}.Debug|Any CPU.Build.0 = Debug|Any CPU
		{D550B244-914D-4E0E-B33B-AD284D185956}.Release|Any CPU.ActiveCfg = Release|Any CPU
		{D550B244-914D-4E0E-B33B-AD284D185956}.Release|Any CPU.Build.0 = Release|Any CPU
		{F5CD17E1-E815-48B1-87EA-B2A470F79EEA}.Debug|Any CPU.ActiveCfg = Debug|Any CPU
		{F5CD17E1-E815-48B1-87EA-B2A470F79EEA}.Debug|Any CPU.Build.0 = Debug|Any CPU
		{F5CD17E1-E815-48B1-87EA-B2A470F79EEA}.Release|Any CPU.ActiveCfg = Release|Any CPU
		{F5CD17E1-E815-48B1-87EA-B2A470F79EEA}.Release|Any CPU.Build.0 = Release|Any CPU
		{4558395C-6895-4FCA-AF29-99894BBFBF0E}.Debug|Any CPU.ActiveCfg = Debug|Any CPU
		{4558395C-6895-4FCA-AF29-99894BBFBF0E}.Debug|Any CPU.Build.0 = Debug|Any CPU
		{4558395C-6895-4FCA-AF29-99894BBFBF0E}.Release|Any CPU.ActiveCfg = Release|Any CPU
		{4558395C-6895-4FCA-AF29-99894BBFBF0E}.Release|Any CPU.Build.0 = Release|Any CPU
		{FEC6C684-7C26-40A7-8BB9-F05112D3CE38}.Debug|Any CPU.ActiveCfg = Debug|Any CPU
		{FEC6C684-7C26-40A7-8BB9-F05112D3CE38}.Debug|Any CPU.Build.0 = Debug|Any CPU
		{FEC6C684-7C26-40A7-8BB9-F05112D3CE38}.Release|Any CPU.ActiveCfg = Release|Any CPU
		{FEC6C684-7C26-40A7-8BB9-F05112D3CE38}.Release|Any CPU.Build.0 = Release|Any CPU
		{4F6B6BA7-EDA8-4B2A-B626-B1E8568302DE}.Debug|Any CPU.ActiveCfg = Debug|Any CPU
		{4F6B6BA7-EDA8-4B2A-B626-B1E8568302DE}.Debug|Any CPU.Build.0 = Debug|Any CPU
		{4F6B6BA7-EDA8-4B2A-B626-B1E8568302DE}.Release|Any CPU.ActiveCfg = Release|Any CPU
		{4F6B6BA7-EDA8-4B2A-B626-B1E8568302DE}.Release|Any CPU.Build.0 = Release|Any CPU
		{E10DF3E6-B1A2-42FE-984B-49E24CF717ED}.Debug|Any CPU.ActiveCfg = Debug|Any CPU
		{E10DF3E6-B1A2-42FE-984B-49E24CF717ED}.Debug|Any CPU.Build.0 = Debug|Any CPU
		{E10DF3E6-B1A2-42FE-984B-49E24CF717ED}.Release|Any CPU.ActiveCfg = Release|Any CPU
		{E10DF3E6-B1A2-42FE-984B-49E24CF717ED}.Release|Any CPU.Build.0 = Release|Any CPU
		{CE366F91-F022-4285-A9B7-C34D2349EA2F}.Debug|Any CPU.ActiveCfg = Debug|Any CPU
		{CE366F91-F022-4285-A9B7-C34D2349EA2F}.Debug|Any CPU.Build.0 = Debug|Any CPU
		{CE366F91-F022-4285-A9B7-C34D2349EA2F}.Release|Any CPU.ActiveCfg = Release|Any CPU
		{CE366F91-F022-4285-A9B7-C34D2349EA2F}.Release|Any CPU.Build.0 = Release|Any CPU
		{433DEA95-6A58-4685-8A9A-886AD5956FF0}.Debug|Any CPU.ActiveCfg = Debug|Any CPU
		{433DEA95-6A58-4685-8A9A-886AD5956FF0}.Debug|Any CPU.Build.0 = Debug|Any CPU
		{433DEA95-6A58-4685-8A9A-886AD5956FF0}.Release|Any CPU.ActiveCfg = Release|Any CPU
		{433DEA95-6A58-4685-8A9A-886AD5956FF0}.Release|Any CPU.Build.0 = Release|Any CPU
		{3657771C-07EE-4140-925B-0CF51D64CC51}.Debug|Any CPU.ActiveCfg = Debug|Any CPU
		{3657771C-07EE-4140-925B-0CF51D64CC51}.Debug|Any CPU.Build.0 = Debug|Any CPU
		{3657771C-07EE-4140-925B-0CF51D64CC51}.Release|Any CPU.ActiveCfg = Release|Any CPU
		{3657771C-07EE-4140-925B-0CF51D64CC51}.Release|Any CPU.Build.0 = Release|Any CPU
		{899FB4AA-AD2A-4D34-8BD6-4EDD27B193BE}.Debug|Any CPU.ActiveCfg = Debug|Any CPU
		{899FB4AA-AD2A-4D34-8BD6-4EDD27B193BE}.Debug|Any CPU.Build.0 = Debug|Any CPU
		{899FB4AA-AD2A-4D34-8BD6-4EDD27B193BE}.Release|Any CPU.ActiveCfg = Release|Any CPU
		{899FB4AA-AD2A-4D34-8BD6-4EDD27B193BE}.Release|Any CPU.Build.0 = Release|Any CPU
	EndGlobalSection
	GlobalSection(SolutionProperties) = preSolution
		HideSolutionNode = FALSE
	EndGlobalSection
	GlobalSection(NestedProjects) = preSolution
		{56D584BE-C4EC-47F8-8F94-079EF62CEA47} = {827E0CD3-B72D-47B6-A68D-7590B98EB39B}
		{D550B244-914D-4E0E-B33B-AD284D185956} = {827E0CD3-B72D-47B6-A68D-7590B98EB39B}
		{F5CD17E1-E815-48B1-87EA-B2A470F79EEA} = {827E0CD3-B72D-47B6-A68D-7590B98EB39B}
		{4558395C-6895-4FCA-AF29-99894BBFBF0E} = {827E0CD3-B72D-47B6-A68D-7590B98EB39B}
		{FEC6C684-7C26-40A7-8BB9-F05112D3CE38} = {827E0CD3-B72D-47B6-A68D-7590B98EB39B}
		{4F6B6BA7-EDA8-4B2A-B626-B1E8568302DE} = {827E0CD3-B72D-47B6-A68D-7590B98EB39B}
		{E10DF3E6-B1A2-42FE-984B-49E24CF717ED} = {827E0CD3-B72D-47B6-A68D-7590B98EB39B}
		{CE366F91-F022-4285-A9B7-C34D2349EA2F} = {827E0CD3-B72D-47B6-A68D-7590B98EB39B}
		{433DEA95-6A58-4685-8A9A-886AD5956FF0} = {827E0CD3-B72D-47B6-A68D-7590B98EB39B}
		{3657771C-07EE-4140-925B-0CF51D64CC51} = {827E0CD3-B72D-47B6-A68D-7590B98EB39B}
		{899FB4AA-AD2A-4D34-8BD6-4EDD27B193BE} = {827E0CD3-B72D-47B6-A68D-7590B98EB39B}
	EndGlobalSection
	GlobalSection(ExtensibilityGlobals) = postSolution
		SolutionGuid = {AD77213A-3BA1-442B-A105-D4F392E5F0B3}
	EndGlobalSection
EndGlobal
